// !$*UTF8*$!
{
	archiveVersion = 1;
	classes = {
	};
	objectVersion = 50;
	objects = {

/* Begin PBXBuildFile section */
		2343937925DCE68B00E4901B /* swiftui_MenuAppApp.swift in Sources */ = {isa = PBXBuildFile; fileRef = 2343937825DCE68B00E4901B /* swiftui_MenuAppApp.swift */; };
		2343937B25DCE68B00E4901B /* ContentView.swift in Sources */ = {isa = PBXBuildFile; fileRef = 2343937A25DCE68B00E4901B /* ContentView.swift */; };
		2343937D25DCE68F00E4901B /* Assets.xcassets in Resources */ = {isa = PBXBuildFile; fileRef = 2343937C25DCE68F00E4901B /* Assets.xcassets */; };
		2343938025DCE68F00E4901B /* Preview Assets.xcassets in Resources */ = {isa = PBXBuildFile; fileRef = 2343937F25DCE68F00E4901B /* Preview Assets.xcassets */; };
		2343938925DCEC0C00E4901B /* SkyView.swift in Sources */ = {isa = PBXBuildFile; fileRef = 2343938825DCEC0C00E4901B /* SkyView.swift */; };
		2343939125DCEF7C00E4901B /* CloudView.swift in Sources */ = {isa = PBXBuildFile; fileRef = 2343939025DCEF7C00E4901B /* CloudView.swift */; };
		2343939425DCF26100E4901B /* ShrubberyView.swift in Sources */ = {isa = PBXBuildFile; fileRef = 2343939325DCF26100E4901B /* ShrubberyView.swift */; };
		2343939725DD24E800E4901B /* GroundView.swift in Sources */ = {isa = PBXBuildFile; fileRef = 2343939625DD24E800E4901B /* GroundView.swift */; };
		2343939A25DD277A00E4901B /* TitleView.swift in Sources */ = {isa = PBXBuildFile; fileRef = 2343939925DD277A00E4901B /* TitleView.swift */; };
/* End PBXBuildFile section */

/* Begin PBXFileReference section */
		2343937525DCE68B00E4901B /* swiftui-MenuApp.app */ = {isa = PBXFileReference; explicitFileType = wrapper.application; includeInIndex = 0; path = "swiftui-MenuApp.app"; sourceTree = BUILT_PRODUCTS_DIR; };
		2343937825DCE68B00E4901B /* swiftui_MenuAppApp.swift */ = {isa = PBXFileReference; lastKnownFileType = sourcecode.swift; path = swiftui_MenuAppApp.swift; sourceTree = "<group>"; };
		2343937A25DCE68B00E4901B /* ContentView.swift */ = {isa = PBXFileReference; lastKnownFileType = sourcecode.swift; path = ContentView.swift; sourceTree = "<group>"; };
		2343937C25DCE68F00E4901B /* Assets.xcassets */ = {isa = PBXFileReference; lastKnownFileType = folder.assetcatalog; path = Assets.xcassets; sourceTree = "<group>"; };
		2343937F25DCE68F00E4901B /* Preview Assets.xcassets */ = {isa = PBXFileReference; lastKnownFileType = folder.assetcatalog; path = "Preview Assets.xcassets"; sourceTree = "<group>"; };
		2343938125DCE68F00E4901B /* Info.plist */ = {isa = PBXFileReference; lastKnownFileType = text.plist.xml; path = Info.plist; sourceTree = "<group>"; };
		2343938825DCEC0C00E4901B /* SkyView.swift */ = {isa = PBXFileReference; lastKnownFileType = sourcecode.swift; path = SkyView.swift; sourceTree = "<group>"; };
		2343939025DCEF7C00E4901B /* CloudView.swift */ = {isa = PBXFileReference; lastKnownFileType = sourcecode.swift; path = CloudView.swift; sourceTree = "<group>"; };
		2343939325DCF26100E4901B /* ShrubberyView.swift */ = {isa = PBXFileReference; lastKnownFileType = sourcecode.swift; path = ShrubberyView.swift; sourceTree = "<group>"; };
		2343939625DD24E800E4901B /* GroundView.swift */ = {isa = PBXFileReference; lastKnownFileType = sourcecode.swift; path = GroundView.swift; sourceTree = "<group>"; };
		2343939925DD277A00E4901B /* TitleView.swift */ = {isa = PBXFileReference; lastKnownFileType = sourcecode.swift; path = TitleView.swift; sourceTree = "<group>"; };
/* End PBXFileReference section */

/* Begin PBXFrameworksBuildPhase section */
		2343937225DCE68B00E4901B /* Frameworks */ = {
			isa = PBXFrameworksBuildPhase;
			buildActionMask = 2147483647;
			files = (
			);
			runOnlyForDeploymentPostprocessing = 0;
		};
/* End PBXFrameworksBuildPhase section */

/* Begin PBXGroup section */
		2343936C25DCE68B00E4901B = {
			isa = PBXGroup;
			children = (
				2343937725DCE68B00E4901B /* swiftui-MenuApp */,
				2343937625DCE68B00E4901B /* Products */,
			);
			sourceTree = "<group>";
		};
		2343937625DCE68B00E4901B /* Products */ = {
			isa = PBXGroup;
			children = (
				2343937525DCE68B00E4901B /* swiftui-MenuApp.app */,
			);
			name = Products;
			sourceTree = "<group>";
		};
		2343937725DCE68B00E4901B /* swiftui-MenuApp */ = {
			isa = PBXGroup;
			children = (
				2343937825DCE68B00E4901B /* swiftui_MenuAppApp.swift */,
				2343937A25DCE68B00E4901B /* ContentView.swift */,
				2343938825DCEC0C00E4901B /* SkyView.swift */,
				2343939025DCEF7C00E4901B /* CloudView.swift */,
				2343939325DCF26100E4901B /* ShrubberyView.swift */,
				2343939625DD24E800E4901B /* GroundView.swift */,
				2343939925DD277A00E4901B /* TitleView.swift */,
				2343937C25DCE68F00E4901B /* Assets.xcassets */,
				2343938125DCE68F00E4901B /* Info.plist */,
				2343937E25DCE68F00E4901B /* Preview Content */,
			);
			path = "swiftui-MenuApp";
			sourceTree = "<group>";
		};
		2343937E25DCE68F00E4901B /* Preview Content */ = {
			isa = PBXGroup;
			children = (
				2343937F25DCE68F00E4901B /* Preview Assets.xcassets */,
			);
			path = "Preview Content";
			sourceTree = "<group>";
		};
/* End PBXGroup section */

/* Begin PBXNativeTarget section */
		2343937425DCE68B00E4901B /* swiftui-MenuApp */ = {
			isa = PBXNativeTarget;
			buildConfigurationList = 2343938425DCE68F00E4901B /* Build configuration list for PBXNativeTarget "swiftui-MenuApp" */;
			buildPhases = (
				2343937125DCE68B00E4901B /* Sources */,
				2343937225DCE68B00E4901B /* Frameworks */,
				2343937325DCE68B00E4901B /* Resources */,
			);
			buildRules = (
			);
			dependencies = (
			);
			name = "swiftui-MenuApp";
			productName = "swiftui-MenuApp";
			productReference = 2343937525DCE68B00E4901B /* swiftui-MenuApp.app */;
			productType = "com.apple.product-type.application";
		};
/* End PBXNativeTarget section */

/* Begin PBXProject section */
		2343936D25DCE68B00E4901B /* Project object */ = {
			isa = PBXProject;
			attributes = {
				LastSwiftUpdateCheck = 1240;
				LastUpgradeCheck = 1240;
				TargetAttributes = {
					2343937425DCE68B00E4901B = {
						CreatedOnToolsVersion = 12.4;
					};
				};
			};
			buildConfigurationList = 2343937025DCE68B00E4901B /* Build configuration list for PBXProject "swiftui-MenuApp" */;
			compatibilityVersion = "Xcode 9.3";
			developmentRegion = en;
			hasScannedForEncodings = 0;
			knownRegions = (
				en,
				Base,
			);
			mainGroup = 2343936C25DCE68B00E4901B;
			productRefGroup = 2343937625DCE68B00E4901B /* Products */;
			projectDirPath = "";
			projectRoot = "";
			targets = (
				2343937425DCE68B00E4901B /* swiftui-MenuApp */,
			);
		};
/* End PBXProject section */

/* Begin PBXResourcesBuildPhase section */
		2343937325DCE68B00E4901B /* Resources */ = {
			isa = PBXResourcesBuildPhase;
			buildActionMask = 2147483647;
			files = (
				2343938025DCE68F00E4901B /* Preview Assets.xcassets in Resources */,
				2343937D25DCE68F00E4901B /* Assets.xcassets in Resources */,
			);
			runOnlyForDeploymentPostprocessing = 0;
		};
/* End PBXResourcesBuildPhase section */

/* Begin PBXSourcesBuildPhase section */
		2343937125DCE68B00E4901B /* Sources */ = {
			isa = PBXSourcesBuildPhase;
			buildActionMask = 2147483647;
			files = (
				2343939125DCEF7C00E4901B /* CloudView.swift in Sources */,
				2343939425DCF26100E4901B /* ShrubberyView.swift in Sources */,
				2343938925DCEC0C00E4901B /* SkyView.swift in Sources */,
				2343939A25DD277A00E4901B /* TitleView.swift in Sources */,
				2343937B25DCE68B00E4901B /* ContentView.swift in Sources */,
				2343937925DCE68B00E4901B /* swiftui_MenuAppApp.swift in Sources */,
				2343939725DD24E800E4901B /* GroundView.swift in Sources */,
			);
			runOnlyForDeploymentPostprocessing = 0;
		};
/* End PBXSourcesBuildPhase section */

/* Begin XCBuildConfiguration section */
		2343938225DCE68F00E4901B /* Debug */ = {
			isa = XCBuildConfiguration;
			buildSettings = {
				ALWAYS_SEARCH_USER_PATHS = NO;
				CLANG_ANALYZER_NONNULL = YES;
				CLANG_ANALYZER_NUMBER_OBJECT_CONVERSION = YES_AGGRESSIVE;
				CLANG_CXX_LANGUAGE_STANDARD = "gnu++14";
				CLANG_CXX_LIBRARY = "libc++";
				CLANG_ENABLE_MODULES = YES;
				CLANG_ENABLE_OBJC_ARC = YES;
				CLANG_ENABLE_OBJC_WEAK = YES;
				CLANG_WARN_BLOCK_CAPTURE_AUTORELEASING = YES;
				CLANG_WARN_BOOL_CONVERSION = YES;
				CLANG_WARN_COMMA = YES;
				CLANG_WARN_CONSTANT_CONVERSION = YES;
				CLANG_WARN_DEPRECATED_OBJC_IMPLEMENTATIONS = YES;
				CLANG_WARN_DIRECT_OBJC_ISA_USAGE = YES_ERROR;
				CLANG_WARN_DOCUMENTATION_COMMENTS = YES;
				CLANG_WARN_EMPTY_BODY = YES;
				CLANG_WARN_ENUM_CONVERSION = YES;
				CLANG_WARN_INFINITE_RECURSION = YES;
				CLANG_WARN_INT_CONVERSION = YES;
				CLANG_WARN_NON_LITERAL_NULL_CONVERSION = YES;
				CLANG_WARN_OBJC_IMPLICIT_RETAIN_SELF = YES;
				CLANG_WARN_OBJC_LITERAL_CONVERSION = YES;
				CLANG_WARN_OBJC_ROOT_CLASS = YES_ERROR;
				CLANG_WARN_QUOTED_INCLUDE_IN_FRAMEWORK_HEADER = YES;
				CLANG_WARN_RANGE_LOOP_ANALYSIS = YES;
				CLANG_WARN_STRICT_PROTOTYPES = YES;
				CLANG_WARN_SUSPICIOUS_MOVE = YES;
				CLANG_WARN_UNGUARDED_AVAILABILITY = YES_AGGRESSIVE;
				CLANG_WARN_UNREACHABLE_CODE = YES;
				CLANG_WARN__DUPLICATE_METHOD_MATCH = YES;
				COPY_PHASE_STRIP = NO;
				DEBUG_INFORMATION_FORMAT = dwarf;
				ENABLE_STRICT_OBJC_MSGSEND = YES;
				ENABLE_TESTABILITY = YES;
				GCC_C_LANGUAGE_STANDARD = gnu11;
				GCC_DYNAMIC_NO_PIC = NO;
				GCC_NO_COMMON_BLOCKS = YES;
				GCC_OPTIMIZATION_LEVEL = 0;
				GCC_PREPROCESSOR_DEFINITIONS = (
					"DEBUG=1",
					"$(inherited)",
				);
				GCC_WARN_64_TO_32_BIT_CONVERSION = YES;
				GCC_WARN_ABOUT_RETURN_TYPE = YES_ERROR;
				GCC_WARN_UNDECLARED_SELECTOR = YES;
				GCC_WARN_UNINITIALIZED_AUTOS = YES_AGGRESSIVE;
				GCC_WARN_UNUSED_FUNCTION = YES;
				GCC_WARN_UNUSED_VARIABLE = YES;
				IPHONEOS_DEPLOYMENT_TARGET = 14.4;
				MTL_ENABLE_DEBUG_INFO = INCLUDE_SOURCE;
				MTL_FAST_MATH = YES;
				ONLY_ACTIVE_ARCH = YES;
				SDKROOT = iphoneos;
				SWIFT_ACTIVE_COMPILATION_CONDITIONS = DEBUG;
				SWIFT_OPTIMIZATION_LEVEL = "-Onone";
			};
			name = Debug;
		};
		2343938325DCE68F00E4901B /* Release */ = {
			isa = XCBuildConfiguration;
			buildSettings = {
				ALWAYS_SEARCH_USER_PATHS = NO;
				CLANG_ANALYZER_NONNULL = YES;
				CLANG_ANALYZER_NUMBER_OBJECT_CONVERSION = YES_AGGRESSIVE;
				CLANG_CXX_LANGUAGE_STANDARD = "gnu++14";
				CLANG_CXX_LIBRARY = "libc++";
				CLANG_ENABLE_MODULES = YES;
				CLANG_ENABLE_OBJC_ARC = YES;
				CLANG_ENABLE_OBJC_WEAK = YES;
				CLANG_WARN_BLOCK_CAPTURE_AUTORELEASING = YES;
				CLANG_WARN_BOOL_CONVERSION = YES;
				CLANG_WARN_COMMA = YES;
				CLANG_WARN_CONSTANT_CONVERSION = YES;
				CLANG_WARN_DEPRECATED_OBJC_IMPLEMENTATIONS = YES;
				CLANG_WARN_DIRECT_OBJC_ISA_USAGE = YES_ERROR;
				CLANG_WARN_DOCUMENTATION_COMMENTS = YES;
				CLANG_WARN_EMPTY_BODY = YES;
				CLANG_WARN_ENUM_CONVERSION = YES;
				CLANG_WARN_INFINITE_RECURSION = YES;
				CLANG_WARN_INT_CONVERSION = YES;
				CLANG_WARN_NON_LITERAL_NULL_CONVERSION = YES;
				CLANG_WARN_OBJC_IMPLICIT_RETAIN_SELF = YES;
				CLANG_WARN_OBJC_LITERAL_CONVERSION = YES;
				CLANG_WARN_OBJC_ROOT_CLASS = YES_ERROR;
				CLANG_WARN_QUOTED_INCLUDE_IN_FRAMEWORK_HEADER = YES;
				CLANG_WARN_RANGE_LOOP_ANALYSIS = YES;
				CLANG_WARN_STRICT_PROTOTYPES = YES;
				CLANG_WARN_SUSPICIOUS_MOVE = YES;
				CLANG_WARN_UNGUARDED_AVAILABILITY = YES_AGGRESSIVE;
				CLANG_WARN_UNREACHABLE_CODE = YES;
				CLANG_WARN__DUPLICATE_METHOD_MATCH = YES;
				COPY_PHASE_STRIP = NO;
				DEBUG_INFORMATION_FORMAT = "dwarf-with-dsym";
				ENABLE_NS_ASSERTIONS = NO;
				ENABLE_STRICT_OBJC_MSGSEND = YES;
				GCC_C_LANGUAGE_STANDARD = gnu11;
				GCC_NO_COMMON_BLOCKS = YES;
				GCC_WARN_64_TO_32_BIT_CONVERSION = YES;
				GCC_WARN_ABOUT_RETURN_TYPE = YES_ERROR;
				GCC_WARN_UNDECLARED_SELECTOR = YES;
				GCC_WARN_UNINITIALIZED_AUTOS = YES_AGGRESSIVE;
				GCC_WARN_UNUSED_FUNCTION = YES;
				GCC_WARN_UNUSED_VARIABLE = YES;
				IPHONEOS_DEPLOYMENT_TARGET = 14.4;
				MTL_ENABLE_DEBUG_INFO = NO;
				MTL_FAST_MATH = YES;
				SDKROOT = iphoneos;
				SWIFT_COMPILATION_MODE = wholemodule;
				SWIFT_OPTIMIZATION_LEVEL = "-O";
				VALIDATE_PRODUCT = YES;
			};
			name = Release;
		};
		2343938525DCE68F00E4901B /* Debug */ = {
			isa = XCBuildConfiguration;
			buildSettings = {
				ASSETCATALOG_COMPILER_APPICON_NAME = AppIcon;
				ASSETCATALOG_COMPILER_GLOBAL_ACCENT_COLOR_NAME = AccentColor;
				CODE_SIGN_STYLE = Automatic;
				DEVELOPMENT_ASSET_PATHS = "\"swiftui-MenuApp/Preview Content\"";
				DEVELOPMENT_TEAM = 8BMN55RDNR;
				ENABLE_PREVIEWS = YES;
				INFOPLIST_FILE = "swiftui-MenuApp/Info.plist";
				IPHONEOS_DEPLOYMENT_TARGET = 14.0;
				LD_RUNPATH_SEARCH_PATHS = (
					"$(inherited)",
					"@executable_path/Frameworks",
				);
				PRODUCT_BUNDLE_IDENTIFIER = "biz.microtronic.app.swiftui-MenuApp";
				PRODUCT_NAME = "$(TARGET_NAME)";
				SWIFT_VERSION = 5.0;
				TARGETED_DEVICE_FAMILY = "1,2";
			};
			name = Debug;
		};
		2343938625DCE68F00E4901B /* Release */ = {
			isa = XCBuildConfiguration;
			buildSettings = {
				ASSETCATALOG_COMPILER_APPICON_NAME = AppIcon;
				ASSETCATALOG_COMPILER_GLOBAL_ACCENT_COLOR_NAME = AccentColor;
				CODE_SIGN_STYLE = Automatic;
				DEVELOPMENT_ASSET_PATHS = "\"swiftui-MenuApp/Preview Content\"";
				DEVELOPMENT_TEAM = 8BMN55RDNR;
				ENABLE_PREVIEWS = YES;
				INFOPLIST_FILE = "swiftui-MenuApp/Info.plist";
				IPHONEOS_DEPLOYMENT_TARGET = 14.0;
				LD_RUNPATH_SEARCH_PATHS = (
					"$(inherited)",
					"@executable_path/Frameworks",
				);
				PRODUCT_BUNDLE_IDENTIFIER = "biz.microtronic.app.swiftui-MenuApp";
				PRODUCT_NAME = "$(TARGET_NAME)";
				SWIFT_VERSION = 5.0;
				TARGETED_DEVICE_FAMILY = "1,2";
			};
			name = Release;
		};
/* End XCBuildConfiguration section */

/* Begin XCConfigurationList section */
		2343937025DCE68B00E4901B /* Build configuration list for PBXProject "swiftui-MenuApp" */ = {
			isa = XCConfigurationList;
			buildConfigurations = (
				2343938225DCE68F00E4901B /* Debug */,
				2343938325DCE68F00E4901B /* Release */,
			);
			defaultConfigurationIsVisible = 0;
			defaultConfigurationName = Release;
		};
		2343938425DCE68F00E4901B /* Build configuration list for PBXNativeTarget "swiftui-MenuApp" */ = {
			isa = XCConfigurationList;
			buildConfigurations = (
				2343938525DCE68F00E4901B /* Debug */,
				2343938625DCE68F00E4901B /* Release */,
			);
			defaultConfigurationIsVisible = 0;
			defaultConfigurationName = Release;
		};
/* End XCConfigurationList section */
	};
	rootObject = 2343936D25DCE68B00E4901B /* Project object */;
}
